
Microsoft Visual Studio Solution File, Format Version 12.00
# Visual Studio Version 17
VisualStudioVersion = 17.14.36025.13 d17.14
MinimumVisualStudioVersion = 10.0.40219.1
Project("{FAE04EC0-301F-11D3-BF4B-00C04F79EFBC}") = "Communit-Intel-Reporting-System", "Communit-Intel-Reporting-System\Communit-Intel-Reporting-System.csproj", "{C58C36D9-F87A-4A8D-8CE3-166BC939697B}"
EndProject
Global
	GlobalSection(SolutionConfigurationPlatforms) = preSolution
		Debug|Any CPU = Debug|Any CPU
		Release|Any CPU = Release|Any CPU
	EndGlobalSection
	GlobalSection(ProjectConfigurationPlatforms) = postSolution
		{C58C36D9-F87A-4A8D-8CE3-166BC939697B}.Debug|Any CPU.ActiveCfg = Debug|Any CPU
		{C58C36D9-F87A-4A8D-8CE3-166BC939697B}.Debug|Any CPU.Build.0 = Debug|Any CPU
		{C58C36D9-F87A-4A8D-8CE3-166BC939697B}.Release|Any CPU.ActiveCfg = Release|Any CPU
		{C58C36D9-F87A-4A8D-8CE3-166BC939697B}.Release|Any CPU.Build.0 = Release|Any CPU
	EndGlobalSection
	GlobalSection(SolutionProperties) = preSolution
		HideSolutionNode = FALSE
	EndGlobalSection
	GlobalSection(ExtensibilityGlobals) = postSolution
		SolutionGuid = {D6CDF31C-1257-411D-974F-1952C2282E9E}
	EndGlobalSection
EndGlobal
